
Microsoft Visual Studio Solution File, Format Version 12.00
# Visual Studio Version 17
VisualStudioVersion = 17.0.31903.59
MinimumVisualStudioVersion = 10.0.40219.1
Project("{FAE04EC0-301F-11D3-BF4B-00C04F79EFBC}") = "PetFamily.API", "src\PetFamily.API\PetFamily.API.csproj", "{C5DD102F-AF2D-44D3-9237-25FABD46FD21}"
EndProject
Project("{FAE04EC0-301F-11D3-BF4B-00C04F79EFBC}") = "PetFamily.Infrastructure", "src\PetFamily.Infrastructure\PetFamily.Infrastructure.csproj", "{BF8EFDBB-BC80-4A35-AC8B-7D42654BC376}"
EndProject
Project("{FAE04EC0-301F-11D3-BF4B-00C04F79EFBC}") = "PetFamily.Domain", "src\PetFamily.Domain\PetFamily.Domain.csproj", "{010F0B6E-D249-485C-B7BF-A9F569A443C4}"
EndProject
Project("{FAE04EC0-301F-11D3-BF4B-00C04F79EFBC}") = "PetFamily.Application", "src\PetFamily.Application\PetFamily.Application.csproj", "{E0C644D9-0802-4391-A1F5-75E97C2BE02A}"
EndProject
Project("{2150E333-8FDC-42A3-9474-1A3956D46DE8}") = "Solution Items", "Solution Items", "{27891FFA-CC0D-4343-9651-219C339841AF}"
	ProjectSection(SolutionItems) = preProject
		compose.yaml = compose.yaml
	EndProjectSection
EndProject
Global
	GlobalSection(SolutionConfigurationPlatforms) = preSolution
		Debug|Any CPU = Debug|Any CPU
		Release|Any CPU = Release|Any CPU
	EndGlobalSection
	GlobalSection(SolutionProperties) = preSolution
		HideSolutionNode = FALSE
	EndGlobalSection
	GlobalSection(ProjectConfigurationPlatforms) = postSolution
		{C5DD102F-AF2D-44D3-9237-25FABD46FD21}.Debug|Any CPU.ActiveCfg = Debug|Any CPU
		{C5DD102F-AF2D-44D3-9237-25FABD46FD21}.Debug|Any CPU.Build.0 = Debug|Any CPU
		{C5DD102F-AF2D-44D3-9237-25FABD46FD21}.Release|Any CPU.ActiveCfg = Release|Any CPU
		{C5DD102F-AF2D-44D3-9237-25FABD46FD21}.Release|Any CPU.Build.0 = Release|Any CPU
		{BF8EFDBB-BC80-4A35-AC8B-7D42654BC376}.Debug|Any CPU.ActiveCfg = Debug|Any CPU
		{BF8EFDBB-BC80-4A35-AC8B-7D42654BC376}.Debug|Any CPU.Build.0 = Debug|Any CPU
		{BF8EFDBB-BC80-4A35-AC8B-7D42654BC376}.Release|Any CPU.ActiveCfg = Release|Any CPU
		{BF8EFDBB-BC80-4A35-AC8B-7D42654BC376}.Release|Any CPU.Build.0 = Release|Any CPU
		{010F0B6E-D249-485C-B7BF-A9F569A443C4}.Debug|Any CPU.ActiveCfg = Debug|Any CPU
		{010F0B6E-D249-485C-B7BF-A9F569A443C4}.Debug|Any CPU.Build.0 = Debug|Any CPU
		{010F0B6E-D249-485C-B7BF-A9F569A443C4}.Release|Any CPU.ActiveCfg = Release|Any CPU
		{010F0B6E-D249-485C-B7BF-A9F569A443C4}.Release|Any CPU.Build.0 = Release|Any CPU
		{E0C644D9-0802-4391-A1F5-75E97C2BE02A}.Debug|Any CPU.ActiveCfg = Debug|Any CPU
		{E0C644D9-0802-4391-A1F5-75E97C2BE02A}.Debug|Any CPU.Build.0 = Debug|Any CPU
		{E0C644D9-0802-4391-A1F5-75E97C2BE02A}.Release|Any CPU.ActiveCfg = Release|Any CPU
		{E0C644D9-0802-4391-A1F5-75E97C2BE02A}.Release|Any CPU.Build.0 = Release|Any CPU
	EndGlobalSection
EndGlobal
