Microsoft Visual Studio Solution File, Format Version 12.00
# Visual Studio Version 17
VisualStudioVersion = 17.0.31903.59
MinimumVisualStudioVersion = 10.0.40219.1
Project("{FAE04EC0-301F-11D3-BF4B-00C04F79EFBC}") = "PetFamily.API", "src\PetFamily.API\PetFamily.API.csproj", "{C5DD102F-AF2D-44D3-9237-25FABD46FD21}"
EndProject
Project("{2150E333-8FDC-42A3-9474-1A3956D46DE8}") = "Solution Items", "Solution Items", "{27891FFA-CC0D-4343-9651-219C339841AF}"
	ProjectSection(SolutionItems) = preProject
		compose.yaml = compose.yaml
		Dockerfile = Dockerfile
		.dockerignore = .dockerignore
		Directory.Packages.props = Directory.Packages.props
	EndProjectSection
EndProject
Project("{FAE04EC0-301F-11D3-BF4B-00C04F79EFBC}") = "PetFamily.Domain.UnitTests", "tests\PetFamily.Domain.UnitTests\PetFamily.Domain.UnitTests.csproj", "{764818F2-8A85-492C-9702-346D2CCE28A6}"
EndProject
Project("{2150E333-8FDC-42A3-9474-1A3956D46DE8}") = "tests", "tests", "{937A4389-66D7-4A1F-B8DA-F0728CBC3A1B}"
EndProject
Project("{FAE04EC0-301F-11D3-BF4B-00C04F79EFBC}") = "PetFamily.IntegrationTests", "tests\PetFamily.IntegrationTests\PetFamily.IntegrationTests.csproj", "{388A022D-A194-4766-A2D7-158470B562D1}"
EndProject
Project("{2150E333-8FDC-42A3-9474-1A3956D46DE8}") = "src", "src", "{6C1DC58A-510A-4E5E-9F90-08D781D4EFFC}"
EndProject
Project("{2150E333-8FDC-42A3-9474-1A3956D46DE8}") = "Volunteers", "Volunteers", "{E6B64453-99E7-4B39-ADD8-A99E1F48F2CF}"
EndProject
Project("{2150E333-8FDC-42A3-9474-1A3956D46DE8}") = "Speices", "Speices", "{E0181027-1BDD-4BAB-8882-6872CAE626C5}"
EndProject
Project("{FAE04EC0-301F-11D3-BF4B-00C04F79EFBC}") = "Volunteers.Domain", "src\Volunteers\Volunteers.Domain\Volunteers.Domain.csproj", "{98D05255-81FF-4633-90E1-65EBC20E3A5F}"
EndProject
Project("{FAE04EC0-301F-11D3-BF4B-00C04F79EFBC}") = "Volunteers.Infrastructure.Postgres", "src\Volunteers\Volunteers.Infrastructure.Postgres\Volunteers.Infrastructure.Postgres.csproj", "{930001F2-7812-46EC-9677-F15835C31FA1}"
EndProject
Project("{FAE04EC0-301F-11D3-BF4B-00C04F79EFBC}") = "Volunteers.Application", "src\Volunteers\Volunteers.Application\Volunteers.Application.csproj", "{031E5024-9B0D-4A48-9A98-091C68E22BE4}"
EndProject
Project("{FAE04EC0-301F-11D3-BF4B-00C04F79EFBC}") = "Volunteers.Presenters", "src\Volunteers\Volunteers.Presenters\Volunteers.Presenters.csproj", "{D89DFD11-3419-4889-AE98-1553C687183B}"
EndProject
Project("{2150E333-8FDC-42A3-9474-1A3956D46DE8}") = "Core", "Core", "{F99AE12E-A483-4F50-A680-95E53C93479A}"
EndProject
Project("{FAE04EC0-301F-11D3-BF4B-00C04F79EFBC}") = "SharedKernel", "src\Core\SharedKernel\SharedKernel.csproj", "{9F31A356-0537-4B7D-A87A-66BFABBD9F31}"
EndProject
Project("{2150E333-8FDC-42A3-9474-1A3956D46DE8}") = "Infrastructure", "Infrastructure", "{41A11D85-4BFD-4E3C-B4F4-53DC2A4D7310}"
EndProject
Project("{FAE04EC0-301F-11D3-BF4B-00C04F79EFBC}") = "Infrastructure.S3", "src\Core\Infrastructure\Infrastructure.S3\Infrastructure.S3.csproj", "{864AEEE2-6F6A-4654-8074-FA4726183B37}"
EndProject
Project("{FAE04EC0-301F-11D3-BF4B-00C04F79EFBC}") = "Species", "src\Species\Species\Species.csproj", "{47B00790-7469-4B4D-A6C3-69B9D9339DBE}"
EndProject
Project("{FAE04EC0-301F-11D3-BF4B-00C04F79EFBC}") = "Framework", "src\Core\Framework\Framework.csproj", "{BCDAE4C1-EADA-478F-9DD9-070682560A31}"
EndProject
Project("{FAE04EC0-301F-11D3-BF4B-00C04F79EFBC}") = "Species.Contracts", "src\Species\Species.Contracts\Species.Contracts.csproj", "{CCF8D5C8-5F45-4D9A-A1C9-751F42AD2F16}"
EndProject
Project("{FAE04EC0-301F-11D3-BF4B-00C04F79EFBC}") = "Application", "src\Core\Application\Application.csproj", "{EA7AC45A-4065-4AAD-8FF6-692E1B1FBDB5}"
EndProject
Project("{FAE04EC0-301F-11D3-BF4B-00C04F79EFBC}") = "Species.Presenters", "src\Species\Species.Presenters\Species.Presenters.csproj", "{AF2E1067-EC53-4E01-B3DD-751DC61B595D}"
EndProject
Global
	GlobalSection(SolutionConfigurationPlatforms) = preSolution
		Debug|Any CPU = Debug|Any CPU
		Release|Any CPU = Release|Any CPU
	EndGlobalSection
	GlobalSection(SolutionProperties) = preSolution
		HideSolutionNode = FALSE
	EndGlobalSection
	GlobalSection(ProjectConfigurationPlatforms) = postSolution
		{C5DD102F-AF2D-44D3-9237-25FABD46FD21}.Debug|Any CPU.ActiveCfg = Debug|Any CPU
		{C5DD102F-AF2D-44D3-9237-25FABD46FD21}.Debug|Any CPU.Build.0 = Debug|Any CPU
		{C5DD102F-AF2D-44D3-9237-25FABD46FD21}.Release|Any CPU.ActiveCfg = Release|Any CPU
		{C5DD102F-AF2D-44D3-9237-25FABD46FD21}.Release|Any CPU.Build.0 = Release|Any CPU
		{764818F2-8A85-492C-9702-346D2CCE28A6}.Debug|Any CPU.ActiveCfg = Debug|Any CPU
		{764818F2-8A85-492C-9702-346D2CCE28A6}.Debug|Any CPU.Build.0 = Debug|Any CPU
		{764818F2-8A85-492C-9702-346D2CCE28A6}.Release|Any CPU.ActiveCfg = Release|Any CPU
		{764818F2-8A85-492C-9702-346D2CCE28A6}.Release|Any CPU.Build.0 = Release|Any CPU
		{388A022D-A194-4766-A2D7-158470B562D1}.Debug|Any CPU.ActiveCfg = Debug|Any CPU
		{388A022D-A194-4766-A2D7-158470B562D1}.Debug|Any CPU.Build.0 = Debug|Any CPU
		{388A022D-A194-4766-A2D7-158470B562D1}.Release|Any CPU.ActiveCfg = Release|Any CPU
		{388A022D-A194-4766-A2D7-158470B562D1}.Release|Any CPU.Build.0 = Release|Any CPU
		{98D05255-81FF-4633-90E1-65EBC20E3A5F}.Debug|Any CPU.ActiveCfg = Debug|Any CPU
		{98D05255-81FF-4633-90E1-65EBC20E3A5F}.Debug|Any CPU.Build.0 = Debug|Any CPU
		{98D05255-81FF-4633-90E1-65EBC20E3A5F}.Release|Any CPU.ActiveCfg = Release|Any CPU
		{98D05255-81FF-4633-90E1-65EBC20E3A5F}.Release|Any CPU.Build.0 = Release|Any CPU
		{930001F2-7812-46EC-9677-F15835C31FA1}.Debug|Any CPU.ActiveCfg = Debug|Any CPU
		{930001F2-7812-46EC-9677-F15835C31FA1}.Debug|Any CPU.Build.0 = Debug|Any CPU
		{930001F2-7812-46EC-9677-F15835C31FA1}.Release|Any CPU.ActiveCfg = Release|Any CPU
		{930001F2-7812-46EC-9677-F15835C31FA1}.Release|Any CPU.Build.0 = Release|Any CPU
		{031E5024-9B0D-4A48-9A98-091C68E22BE4}.Debug|Any CPU.ActiveCfg = Debug|Any CPU
		{031E5024-9B0D-4A48-9A98-091C68E22BE4}.Debug|Any CPU.Build.0 = Debug|Any CPU
		{031E5024-9B0D-4A48-9A98-091C68E22BE4}.Release|Any CPU.ActiveCfg = Release|Any CPU
		{031E5024-9B0D-4A48-9A98-091C68E22BE4}.Release|Any CPU.Build.0 = Release|Any CPU
		{D89DFD11-3419-4889-AE98-1553C687183B}.Debug|Any CPU.ActiveCfg = Debug|Any CPU
		{D89DFD11-3419-4889-AE98-1553C687183B}.Debug|Any CPU.Build.0 = Debug|Any CPU
		{D89DFD11-3419-4889-AE98-1553C687183B}.Release|Any CPU.ActiveCfg = Release|Any CPU
		{D89DFD11-3419-4889-AE98-1553C687183B}.Release|Any CPU.Build.0 = Release|Any CPU
		{9F31A356-0537-4B7D-A87A-66BFABBD9F31}.Debug|Any CPU.ActiveCfg = Debug|Any CPU
		{9F31A356-0537-4B7D-A87A-66BFABBD9F31}.Debug|Any CPU.Build.0 = Debug|Any CPU
		{9F31A356-0537-4B7D-A87A-66BFABBD9F31}.Release|Any CPU.ActiveCfg = Release|Any CPU
		{9F31A356-0537-4B7D-A87A-66BFABBD9F31}.Release|Any CPU.Build.0 = Release|Any CPU
		{864AEEE2-6F6A-4654-8074-FA4726183B37}.Debug|Any CPU.ActiveCfg = Debug|Any CPU
		{864AEEE2-6F6A-4654-8074-FA4726183B37}.Debug|Any CPU.Build.0 = Debug|Any CPU
		{864AEEE2-6F6A-4654-8074-FA4726183B37}.Release|Any CPU.ActiveCfg = Release|Any CPU
		{864AEEE2-6F6A-4654-8074-FA4726183B37}.Release|Any CPU.Build.0 = Release|Any CPU
		{47B00790-7469-4B4D-A6C3-69B9D9339DBE}.Debug|Any CPU.ActiveCfg = Debug|Any CPU
		{47B00790-7469-4B4D-A6C3-69B9D9339DBE}.Debug|Any CPU.Build.0 = Debug|Any CPU
		{47B00790-7469-4B4D-A6C3-69B9D9339DBE}.Release|Any CPU.ActiveCfg = Release|Any CPU
		{47B00790-7469-4B4D-A6C3-69B9D9339DBE}.Release|Any CPU.Build.0 = Release|Any CPU
		{BCDAE4C1-EADA-478F-9DD9-070682560A31}.Debug|Any CPU.ActiveCfg = Debug|Any CPU
		{BCDAE4C1-EADA-478F-9DD9-070682560A31}.Debug|Any CPU.Build.0 = Debug|Any CPU
		{BCDAE4C1-EADA-478F-9DD9-070682560A31}.Release|Any CPU.ActiveCfg = Release|Any CPU
		{BCDAE4C1-EADA-478F-9DD9-070682560A31}.Release|Any CPU.Build.0 = Release|Any CPU
		{CCF8D5C8-5F45-4D9A-A1C9-751F42AD2F16}.Debug|Any CPU.ActiveCfg = Debug|Any CPU
		{CCF8D5C8-5F45-4D9A-A1C9-751F42AD2F16}.Debug|Any CPU.Build.0 = Debug|Any CPU
		{CCF8D5C8-5F45-4D9A-A1C9-751F42AD2F16}.Release|Any CPU.ActiveCfg = Release|Any CPU
		{CCF8D5C8-5F45-4D9A-A1C9-751F42AD2F16}.Release|Any CPU.Build.0 = Release|Any CPU
		{EA7AC45A-4065-4AAD-8FF6-692E1B1FBDB5}.Debug|Any CPU.ActiveCfg = Debug|Any CPU
		{EA7AC45A-4065-4AAD-8FF6-692E1B1FBDB5}.Debug|Any CPU.Build.0 = Debug|Any CPU
		{EA7AC45A-4065-4AAD-8FF6-692E1B1FBDB5}.Release|Any CPU.ActiveCfg = Release|Any CPU
		{EA7AC45A-4065-4AAD-8FF6-692E1B1FBDB5}.Release|Any CPU.Build.0 = Release|Any CPU
		{AF2E1067-EC53-4E01-B3DD-751DC61B595D}.Debug|Any CPU.ActiveCfg = Debug|Any CPU
		{AF2E1067-EC53-4E01-B3DD-751DC61B595D}.Debug|Any CPU.Build.0 = Debug|Any CPU
		{AF2E1067-EC53-4E01-B3DD-751DC61B595D}.Release|Any CPU.ActiveCfg = Release|Any CPU
		{AF2E1067-EC53-4E01-B3DD-751DC61B595D}.Release|Any CPU.Build.0 = Release|Any CPU
	EndGlobalSection
	GlobalSection(NestedProjects) = preSolution
		{764818F2-8A85-492C-9702-346D2CCE28A6} = {937A4389-66D7-4A1F-B8DA-F0728CBC3A1B}
		{388A022D-A194-4766-A2D7-158470B562D1} = {937A4389-66D7-4A1F-B8DA-F0728CBC3A1B}
		{C5DD102F-AF2D-44D3-9237-25FABD46FD21} = {6C1DC58A-510A-4E5E-9F90-08D781D4EFFC}
		{E6B64453-99E7-4B39-ADD8-A99E1F48F2CF} = {6C1DC58A-510A-4E5E-9F90-08D781D4EFFC}
		{E0181027-1BDD-4BAB-8882-6872CAE626C5} = {6C1DC58A-510A-4E5E-9F90-08D781D4EFFC}
		{98D05255-81FF-4633-90E1-65EBC20E3A5F} = {E6B64453-99E7-4B39-ADD8-A99E1F48F2CF}
		{930001F2-7812-46EC-9677-F15835C31FA1} = {E6B64453-99E7-4B39-ADD8-A99E1F48F2CF}
		{031E5024-9B0D-4A48-9A98-091C68E22BE4} = {E6B64453-99E7-4B39-ADD8-A99E1F48F2CF}
		{D89DFD11-3419-4889-AE98-1553C687183B} = {E6B64453-99E7-4B39-ADD8-A99E1F48F2CF}
		{F99AE12E-A483-4F50-A680-95E53C93479A} = {6C1DC58A-510A-4E5E-9F90-08D781D4EFFC}
		{9F31A356-0537-4B7D-A87A-66BFABBD9F31} = {F99AE12E-A483-4F50-A680-95E53C93479A}
		{41A11D85-4BFD-4E3C-B4F4-53DC2A4D7310} = {F99AE12E-A483-4F50-A680-95E53C93479A}
		{864AEEE2-6F6A-4654-8074-FA4726183B37} = {41A11D85-4BFD-4E3C-B4F4-53DC2A4D7310}
		{47B00790-7469-4B4D-A6C3-69B9D9339DBE} = {E0181027-1BDD-4BAB-8882-6872CAE626C5}
		{BCDAE4C1-EADA-478F-9DD9-070682560A31} = {F99AE12E-A483-4F50-A680-95E53C93479A}
		{CCF8D5C8-5F45-4D9A-A1C9-751F42AD2F16} = {E0181027-1BDD-4BAB-8882-6872CAE626C5}
		{EA7AC45A-4065-4AAD-8FF6-692E1B1FBDB5} = {F99AE12E-A483-4F50-A680-95E53C93479A}
		{AF2E1067-EC53-4E01-B3DD-751DC61B595D} = {E0181027-1BDD-4BAB-8882-6872CAE626C5}
	EndGlobalSection
EndGlobal
